
Microsoft Visual Studio Solution File, Format Version 12.00
# Visual Studio 15
VisualStudioVersion = 15.0.28307.1778
MinimumVisualStudioVersion = 10.0.40219.1
Project("{FAE04EC0-301F-11D3-BF4B-00C04F79EFBC}") = "retorno_compacto", "retorno_compacto\retorno_compacto.csproj", "{04781D87-7224-423E-8C99-28628B767917}"
EndProject
Global
	GlobalSection(SolutionConfigurationPlatforms) = preSolution
		Debug|Any CPU = Debug|Any CPU
		Release|Any CPU = Release|Any CPU
	EndGlobalSection
	GlobalSection(ProjectConfigurationPlatforms) = postSolution
		{04781D87-7224-423E-8C99-28628B767917}.Debug|Any CPU.ActiveCfg = Debug|Any CPU
		{04781D87-7224-423E-8C99-28628B767917}.Debug|Any CPU.Build.0 = Debug|Any CPU
		{04781D87-7224-423E-8C99-28628B767917}.Release|Any CPU.ActiveCfg = Release|Any CPU
		{04781D87-7224-423E-8C99-28628B767917}.Release|Any CPU.Build.0 = Release|Any CPU
	EndGlobalSection
	GlobalSection(SolutionProperties) = preSolution
		HideSolutionNode = FALSE
	EndGlobalSection
	GlobalSection(ExtensibilityGlobals) = postSolution
		SolutionGuid = {3176B635-57B2-4D83-AE33-00EC0D99D8F6}
	EndGlobalSection
EndGlobal
